// !$*UTF8*$!
{
	archiveVersion = 1;
	classes = {
	};
	objectVersion = 46;
	objects = {

/* Begin PBXBuildFile section */
		4644A9CC1D110AD100B2D493 /* main.m in Sources */ = {isa = PBXBuildFile; fileRef = 4644A9CB1D110AD100B2D493 /* main.m */; };
		4644A9CF1D110AD100B2D493 /* AppDelegate.m in Sources */ = {isa = PBXBuildFile; fileRef = 4644A9CE1D110AD100B2D493 /* AppDelegate.m */; };
		4644A9D21D110AD100B2D493 /* ViewController.m in Sources */ = {isa = PBXBuildFile; fileRef = 4644A9D11D110AD100B2D493 /* ViewController.m */; };
		4644A9D51D110AD100B2D493 /* Main.storyboard in Resources */ = {isa = PBXBuildFile; fileRef = 4644A9D31D110AD100B2D493 /* Main.storyboard */; };
		4644A9D71D110AD100B2D493 /* Assets.xcassets in Resources */ = {isa = PBXBuildFile; fileRef = 4644A9D61D110AD100B2D493 /* Assets.xcassets */; };
		4644A9DA1D110AD100B2D493 /* LaunchScreen.storyboard in Resources */ = {isa = PBXBuildFile; fileRef = 4644A9D81D110AD100B2D493 /* LaunchScreen.storyboard */; };
		4644A9F31D11280200B2D493 /* TTBarCodeGenerator.m in Sources */ = {isa = PBXBuildFile; fileRef = 4644A9F21D11280200B2D493 /* TTBarCodeGenerator.m */; };
		4644AA1B1D112BD000B2D493 /* RSCode128Generator.m in Sources */ = {isa = PBXBuildFile; fileRef = 4644A9F71D112BD000B2D493 /* RSCode128Generator.m */; };
		4644AA1F1D112BD000B2D493 /* RSCodeGenerator.m in Sources */ = {isa = PBXBuildFile; fileRef = 4644AA001D112BD000B2D493 /* RSCodeGenerator.m */; };
		4644AA2B1D112BD000B2D493 /* RSUnifiedCodeGenerator.m in Sources */ = {isa = PBXBuildFile; fileRef = 4644AA181D112BD000B2D493 /* RSUnifiedCodeGenerator.m */; };
/* End PBXBuildFile section */

/* Begin PBXFileReference section */
		4644A9C71D110AD100B2D493 /* QRCodeGenerator.app */ = {isa = PBXFileReference; explicitFileType = wrapper.application; includeInIndex = 0; path = QRCodeGenerator.app; sourceTree = BUILT_PRODUCTS_DIR; };
		4644A9CB1D110AD100B2D493 /* main.m */ = {isa = PBXFileReference; lastKnownFileType = sourcecode.c.objc; path = main.m; sourceTree = "<group>"; };
		4644A9CD1D110AD100B2D493 /* AppDelegate.h */ = {isa = PBXFileReference; lastKnownFileType = sourcecode.c.h; path = AppDelegate.h; sourceTree = "<group>"; };
		4644A9CE1D110AD100B2D493 /* AppDelegate.m */ = {isa = PBXFileReference; lastKnownFileType = sourcecode.c.objc; path = AppDelegate.m; sourceTree = "<group>"; };
		4644A9D01D110AD100B2D493 /* ViewController.h */ = {isa = PBXFileReference; lastKnownFileType = sourcecode.c.h; path = ViewController.h; sourceTree = "<group>"; };
		4644A9D11D110AD100B2D493 /* ViewController.m */ = {isa = PBXFileReference; lastKnownFileType = sourcecode.c.objc; path = ViewController.m; sourceTree = "<group>"; };
		4644A9D41D110AD100B2D493 /* Base */ = {isa = PBXFileReference; lastKnownFileType = file.storyboard; name = Base; path = Base.lproj/Main.storyboard; sourceTree = "<group>"; };
		4644A9D61D110AD100B2D493 /* Assets.xcassets */ = {isa = PBXFileReference; lastKnownFileType = folder.assetcatalog; path = Assets.xcassets; sourceTree = "<group>"; };
		4644A9D91D110AD100B2D493 /* Base */ = {isa = PBXFileReference; lastKnownFileType = file.storyboard; name = Base; path = Base.lproj/LaunchScreen.storyboard; sourceTree = "<group>"; };
		4644A9DB1D110AD100B2D493 /* Info.plist */ = {isa = PBXFileReference; lastKnownFileType = text.plist.xml; path = Info.plist; sourceTree = "<group>"; };
		4644A9F11D11280200B2D493 /* TTBarCodeGenerator.h */ = {isa = PBXFileReference; fileEncoding = 4; lastKnownFileType = sourcecode.c.h; path = TTBarCodeGenerator.h; sourceTree = "<group>"; };
		4644A9F21D11280200B2D493 /* TTBarCodeGenerator.m */ = {isa = PBXFileReference; fileEncoding = 4; lastKnownFileType = sourcecode.c.objc; path = TTBarCodeGenerator.m; sourceTree = "<group>"; };
		4644A9F61D112BD000B2D493 /* RSCode128Generator.h */ = {isa = PBXFileReference; fileEncoding = 4; lastKnownFileType = sourcecode.c.h; path = RSCode128Generator.h; sourceTree = "<group>"; };
		4644A9F71D112BD000B2D493 /* RSCode128Generator.m */ = {isa = PBXFileReference; fileEncoding = 4; lastKnownFileType = sourcecode.c.objc; path = RSCode128Generator.m; sourceTree = "<group>"; };
		4644A9FE1D112BD000B2D493 /* RSCodeGen.h */ = {isa = PBXFileReference; fileEncoding = 4; lastKnownFileType = sourcecode.c.h; path = RSCodeGen.h; sourceTree = "<group>"; };
		4644A9FF1D112BD000B2D493 /* RSCodeGenerator.h */ = {isa = PBXFileReference; fileEncoding = 4; lastKnownFileType = sourcecode.c.h; path = RSCodeGenerator.h; sourceTree = "<group>"; };
		4644AA001D112BD000B2D493 /* RSCodeGenerator.m */ = {isa = PBXFileReference; fileEncoding = 4; lastKnownFileType = sourcecode.c.objc; path = RSCodeGenerator.m; sourceTree = "<group>"; };
		4644AA171D112BD000B2D493 /* RSUnifiedCodeGenerator.h */ = {isa = PBXFileReference; fileEncoding = 4; lastKnownFileType = sourcecode.c.h; path = RSUnifiedCodeGenerator.h; sourceTree = "<group>"; };
		4644AA181D112BD000B2D493 /* RSUnifiedCodeGenerator.m */ = {isa = PBXFileReference; fileEncoding = 4; lastKnownFileType = sourcecode.c.objc; path = RSUnifiedCodeGenerator.m; sourceTree = "<group>"; };
/* End PBXFileReference section */

/* Begin PBXFrameworksBuildPhase section */
		4644A9C41D110AD100B2D493 /* Frameworks */ = {
			isa = PBXFrameworksBuildPhase;
			buildActionMask = 2147483647;
			files = (
			);
			runOnlyForDeploymentPostprocessing = 0;
		};
/* End PBXFrameworksBuildPhase section */

/* Begin PBXGroup section */
		4644A9BE1D110AD100B2D493 = {
			isa = PBXGroup;
			children = (
				4644A9C91D110AD100B2D493 /* QRCodeGenerator */,
				4644A9C81D110AD100B2D493 /* Products */,
			);
			sourceTree = "<group>";
		};
		4644A9C81D110AD100B2D493 /* Products */ = {
			isa = PBXGroup;
			children = (
				4644A9C71D110AD100B2D493 /* QRCodeGenerator.app */,
			);
			name = Products;
			sourceTree = "<group>";
		};
		4644A9C91D110AD100B2D493 /* QRCodeGenerator */ = {
			isa = PBXGroup;
			children = (
				4644A9F41D112BD000B2D493 /* RSBarcodes-iOS7 */,
				4644A9CD1D110AD100B2D493 /* AppDelegate.h */,
				4644A9CE1D110AD100B2D493 /* AppDelegate.m */,
				4644A9D01D110AD100B2D493 /* ViewController.h */,
				4644A9D11D110AD100B2D493 /* ViewController.m */,
				4644A9F11D11280200B2D493 /* TTBarCodeGenerator.h */,
				4644A9F21D11280200B2D493 /* TTBarCodeGenerator.m */,
				4644A9D31D110AD100B2D493 /* Main.storyboard */,
				4644A9D61D110AD100B2D493 /* Assets.xcassets */,
				4644A9D81D110AD100B2D493 /* LaunchScreen.storyboard */,
				4644A9DB1D110AD100B2D493 /* Info.plist */,
				4644A9CA1D110AD100B2D493 /* Supporting Files */,
			);
			path = QRCodeGenerator;
			sourceTree = "<group>";
		};
		4644A9CA1D110AD100B2D493 /* Supporting Files */ = {
			isa = PBXGroup;
			children = (
				4644A9CB1D110AD100B2D493 /* main.m */,
			);
			name = "Supporting Files";
			sourceTree = "<group>";
		};
		4644A9F41D112BD000B2D493 /* RSBarcodes-iOS7 */ = {
			isa = PBXGroup;
			children = (
				4644A9F61D112BD000B2D493 /* RSCode128Generator.h */,
				4644A9F71D112BD000B2D493 /* RSCode128Generator.m */,
				4644A9FE1D112BD000B2D493 /* RSCodeGen.h */,
				4644A9FF1D112BD000B2D493 /* RSCodeGenerator.h */,
				4644AA001D112BD000B2D493 /* RSCodeGenerator.m */,
				4644AA171D112BD000B2D493 /* RSUnifiedCodeGenerator.h */,
				4644AA181D112BD000B2D493 /* RSUnifiedCodeGenerator.m */,
			);
			path = "RSBarcodes-iOS7";
			sourceTree = "<group>";
		};
/* End PBXGroup section */

/* Begin PBXNativeTarget section */
		4644A9C61D110AD100B2D493 /* QRCodeGenerator */ = {
			isa = PBXNativeTarget;
			buildConfigurationList = 4644A9DE1D110AD100B2D493 /* Build configuration list for PBXNativeTarget "QRCodeGenerator" */;
			buildPhases = (
				4644A9C31D110AD100B2D493 /* Sources */,
				4644A9C41D110AD100B2D493 /* Frameworks */,
				4644A9C51D110AD100B2D493 /* Resources */,
			);
			buildRules = (
			);
			dependencies = (
			);
			name = QRCodeGenerator;
			productName = QRCodeGenerator;
			productReference = 4644A9C71D110AD100B2D493 /* QRCodeGenerator.app */;
			productType = "com.apple.product-type.application";
		};
/* End PBXNativeTarget section */

/* Begin PBXProject section */
		4644A9BF1D110AD100B2D493 /* Project object */ = {
			isa = PBXProject;
			attributes = {
				LastUpgradeCheck = 0730;
				ORGANIZATIONNAME = TOTEM;
				TargetAttributes = {
					4644A9C61D110AD100B2D493 = {
						CreatedOnToolsVersion = 7.3.1;
					};
				};
			};
			buildConfigurationList = 4644A9C21D110AD100B2D493 /* Build configuration list for PBXProject "QRCodeGenerator" */;
			compatibilityVersion = "Xcode 3.2";
			developmentRegion = English;
			hasScannedForEncodings = 0;
			knownRegions = (
				en,
				Base,
			);
			mainGroup = 4644A9BE1D110AD100B2D493;
			productRefGroup = 4644A9C81D110AD100B2D493 /* Products */;
			projectDirPath = "";
			projectRoot = "";
			targets = (
				4644A9C61D110AD100B2D493 /* QRCodeGenerator */,
			);
		};
/* End PBXProject section */

/* Begin PBXResourcesBuildPhase section */
		4644A9C51D110AD100B2D493 /* Resources */ = {
			isa = PBXResourcesBuildPhase;
			buildActionMask = 2147483647;
			files = (
				4644A9DA1D110AD100B2D493 /* LaunchScreen.storyboard in Resources */,
				4644A9D71D110AD100B2D493 /* Assets.xcassets in Resources */,
				4644A9D51D110AD100B2D493 /* Main.storyboard in Resources */,
			);
			runOnlyForDeploymentPostprocessing = 0;
		};
/* End PBXResourcesBuildPhase section */

/* Begin PBXSourcesBuildPhase section */
		4644A9C31D110AD100B2D493 /* Sources */ = {
			isa = PBXSourcesBuildPhase;
			buildActionMask = 2147483647;
			files = (
				4644A9D21D110AD100B2D493 /* ViewController.m in Sources */,
				4644A9CF1D110AD100B2D493 /* AppDelegate.m in Sources */,
				4644AA2B1D112BD000B2D493 /* RSUnifiedCodeGenerator.m in Sources */,
				4644AA1F1D112BD000B2D493 /* RSCodeGenerator.m in Sources */,
				4644A9CC1D110AD100B2D493 /* main.m in Sources */,
				4644A9F31D11280200B2D493 /* TTBarCodeGenerator.m in Sources */,
				4644AA1B1D112BD000B2D493 /* RSCode128Generator.m in Sources */,
			);
			runOnlyForDeploymentPostprocessing = 0;
		};
/* End PBXSourcesBuildPhase section */

/* Begin PBXVariantGroup section */
		4644A9D31D110AD100B2D493 /* Main.storyboard */ = {
			isa = PBXVariantGroup;
			children = (
				4644A9D41D110AD100B2D493 /* Base */,
			);
			name = Main.storyboard;
			sourceTree = "<group>";
		};
		4644A9D81D110AD100B2D493 /* LaunchScreen.storyboard */ = {
			isa = PBXVariantGroup;
			children = (
				4644A9D91D110AD100B2D493 /* Base */,
			);
			name = LaunchScreen.storyboard;
			sourceTree = "<group>";
		};
/* End PBXVariantGroup section */

/* Begin XCBuildConfiguration section */
		4644A9DC1D110AD100B2D493 /* Debug */ = {
			isa = XCBuildConfiguration;
			buildSettings = {
				ALWAYS_SEARCH_USER_PATHS = NO;
				CLANG_ANALYZER_NONNULL = YES;
				CLANG_CXX_LANGUAGE_STANDARD = "gnu++0x";
				CLANG_CXX_LIBRARY = "libc++";
				CLANG_ENABLE_MODULES = YES;
				CLANG_ENABLE_OBJC_ARC = YES;
				CLANG_WARN_BOOL_CONVERSION = YES;
				CLANG_WARN_CONSTANT_CONVERSION = YES;
				CLANG_WARN_DIRECT_OBJC_ISA_USAGE = YES_ERROR;
				CLANG_WARN_EMPTY_BODY = YES;
				CLANG_WARN_ENUM_CONVERSION = YES;
				CLANG_WARN_INT_CONVERSION = YES;
				CLANG_WARN_OBJC_ROOT_CLASS = YES_ERROR;
				CLANG_WARN_UNREACHABLE_CODE = YES;
				CLANG_WARN__DUPLICATE_METHOD_MATCH = YES;
				"CODE_SIGN_IDENTITY[sdk=iphoneos*]" = "iPhone Developer";
				COPY_PHASE_STRIP = NO;
				DEBUG_INFORMATION_FORMAT = dwarf;
				ENABLE_STRICT_OBJC_MSGSEND = YES;
				ENABLE_TESTABILITY = YES;
				GCC_C_LANGUAGE_STANDARD = gnu99;
				GCC_DYNAMIC_NO_PIC = NO;
				GCC_NO_COMMON_BLOCKS = YES;
				GCC_OPTIMIZATION_LEVEL = 0;
				GCC_PREPROCESSOR_DEFINITIONS = (
					"DEBUG=1",
					"$(inherited)",
				);
				GCC_WARN_64_TO_32_BIT_CONVERSION = YES;
				GCC_WARN_ABOUT_RETURN_TYPE = YES_ERROR;
				GCC_WARN_UNDECLARED_SELECTOR = YES;
				GCC_WARN_UNINITIALIZED_AUTOS = YES_AGGRESSIVE;
				GCC_WARN_UNUSED_FUNCTION = YES;
				GCC_WARN_UNUSED_VARIABLE = YES;
				IPHONEOS_DEPLOYMENT_TARGET = 9.3;
				MTL_ENABLE_DEBUG_INFO = YES;
				ONLY_ACTIVE_ARCH = YES;
				SDKROOT = iphoneos;
			};
			name = Debug;
		};
		4644A9DD1D110AD100B2D493 /* Release */ = {
			isa = XCBuildConfiguration;
			buildSettings = {
				ALWAYS_SEARCH_USER_PATHS = NO;
				CLANG_ANALYZER_NONNULL = YES;
				CLANG_CXX_LANGUAGE_STANDARD = "gnu++0x";
				CLANG_CXX_LIBRARY = "libc++";
				CLANG_ENABLE_MODULES = YES;
				CLANG_ENABLE_OBJC_ARC = YES;
				CLANG_WARN_BOOL_CONVERSION = YES;
				CLANG_WARN_CONSTANT_CONVERSION = YES;
				CLANG_WARN_DIRECT_OBJC_ISA_USAGE = YES_ERROR;
				CLANG_WARN_EMPTY_BODY = YES;
				CLANG_WARN_ENUM_CONVERSION = YES;
				CLANG_WARN_INT_CONVERSION = YES;
				CLANG_WARN_OBJC_ROOT_CLASS = YES_ERROR;
				CLANG_WARN_UNREACHABLE_CODE = YES;
				CLANG_WARN__DUPLICATE_METHOD_MATCH = YES;
				"CODE_SIGN_IDENTITY[sdk=iphoneos*]" = "iPhone Developer";
				COPY_PHASE_STRIP = NO;
				DEBUG_INFORMATION_FORMAT = "dwarf-with-dsym";
				ENABLE_NS_ASSERTIONS = NO;
				ENABLE_STRICT_OBJC_MSGSEND = YES;
				GCC_C_LANGUAGE_STANDARD = gnu99;
				GCC_NO_COMMON_BLOCKS = YES;
				GCC_WARN_64_TO_32_BIT_CONVERSION = YES;
				GCC_WARN_ABOUT_RETURN_TYPE = YES_ERROR;
				GCC_WARN_UNDECLARED_SELECTOR = YES;
				GCC_WARN_UNINITIALIZED_AUTOS = YES_AGGRESSIVE;
				GCC_WARN_UNUSED_FUNCTION = YES;
				GCC_WARN_UNUSED_VARIABLE = YES;
				IPHONEOS_DEPLOYMENT_TARGET = 9.3;
				MTL_ENABLE_DEBUG_INFO = NO;
				SDKROOT = iphoneos;
				VALIDATE_PRODUCT = YES;
			};
			name = Release;
		};
		4644A9DF1D110AD100B2D493 /* Debug */ = {
			isa = XCBuildConfiguration;
			buildSettings = {
				ASSETCATALOG_COMPILER_APPICON_NAME = AppIcon;
				INFOPLIST_FILE = QRCodeGenerator/Info.plist;
				IPHONEOS_DEPLOYMENT_TARGET = 7.0;
				LD_RUNPATH_SEARCH_PATHS = "$(inherited) @executable_path/Frameworks";
				PRODUCT_BUNDLE_IDENTIFIER = com.totemtec.QRCodeGenerator;
				PRODUCT_NAME = "$(TARGET_NAME)";
			};
			name = Debug;
		};
		4644A9E01D110AD100B2D493 /* Release */ = {
			isa = XCBuildConfiguration;
			buildSettings = {
				ASSETCATALOG_COMPILER_APPICON_NAME = AppIcon;
				INFOPLIST_FILE = QRCodeGenerator/Info.plist;
				IPHONEOS_DEPLOYMENT_TARGET = 7.0;
				LD_RUNPATH_SEARCH_PATHS = "$(inherited) @executable_path/Frameworks";
				PRODUCT_BUNDLE_IDENTIFIER = com.totemtec.QRCodeGenerator;
				PRODUCT_NAME = "$(TARGET_NAME)";
			};
			name = Release;
		};
/* End XCBuildConfiguration section */

/* Begin XCConfigurationList section */
		4644A9C21D110AD100B2D493 /* Build configuration list for PBXProject "QRCodeGenerator" */ = {
			isa = XCConfigurationList;
			buildConfigurations = (
				4644A9DC1D110AD100B2D493 /* Debug */,
				4644A9DD1D110AD100B2D493 /* Release */,
			);
			defaultConfigurationIsVisible = 0;
			defaultConfigurationName = Release;
		};
		4644A9DE1D110AD100B2D493 /* Build configuration list for PBXNativeTarget "QRCodeGenerator" */ = {
			isa = XCConfigurationList;
			buildConfigurations = (
				4644A9DF1D110AD100B2D493 /* Debug */,
				4644A9E01D110AD100B2D493 /* Release */,
			);
			defaultConfigurationIsVisible = 0;
			defaultConfigurationName = Release;
		};
/* End XCConfigurationList section */
	};
	rootObject = 4644A9BF1D110AD100B2D493 /* Project object */;
}
