// !$*UTF8*$!
{
	archiveVersion = 1;
	classes = {
	};
	objectVersion = 46;
	objects = {

/* Begin PBXBuildFile section */
		46987B101C9BA45400518872 /* main.m in Sources */ = {isa = PBXBuildFile; fileRef = 46987B0F1C9BA45400518872 /* main.m */; };
		46987B131C9BA45400518872 /* AppDelegate.m in Sources */ = {isa = PBXBuildFile; fileRef = 46987B121C9BA45400518872 /* AppDelegate.m */; };
		46987B191C9BA45400518872 /* Main.storyboard in Resources */ = {isa = PBXBuildFile; fileRef = 46987B171C9BA45400518872 /* Main.storyboard */; };
		46987B271C9BA47900518872 /* TableViewController.m in Sources */ = {isa = PBXBuildFile; fileRef = 46987B261C9BA47900518872 /* TableViewController.m */; };
/* End PBXBuildFile section */

/* Begin PBXFileReference section */
		46987B0B1C9BA45400518872 /* UITableViewStaticCell.app */ = {isa = PBXFileReference; explicitFileType = wrapper.application; includeInIndex = 0; path = UITableViewStaticCell.app; sourceTree = BUILT_PRODUCTS_DIR; };
		46987B0F1C9BA45400518872 /* main.m */ = {isa = PBXFileReference; lastKnownFileType = sourcecode.c.objc; path = main.m; sourceTree = "<group>"; };
		46987B111C9BA45400518872 /* AppDelegate.h */ = {isa = PBXFileReference; lastKnownFileType = sourcecode.c.h; path = AppDelegate.h; sourceTree = "<group>"; };
		46987B121C9BA45400518872 /* AppDelegate.m */ = {isa = PBXFileReference; lastKnownFileType = sourcecode.c.objc; path = AppDelegate.m; sourceTree = "<group>"; };
		46987B181C9BA45400518872 /* Base */ = {isa = PBXFileReference; lastKnownFileType = file.storyboard; name = Base; path = Base.lproj/Main.storyboard; sourceTree = "<group>"; };
		46987B1F1C9BA45400518872 /* Info.plist */ = {isa = PBXFileReference; lastKnownFileType = text.plist.xml; path = Info.plist; sourceTree = "<group>"; };
		46987B251C9BA47900518872 /* TableViewController.h */ = {isa = PBXFileReference; fileEncoding = 4; lastKnownFileType = sourcecode.c.h; path = TableViewController.h; sourceTree = "<group>"; };
		46987B261C9BA47900518872 /* TableViewController.m */ = {isa = PBXFileReference; fileEncoding = 4; lastKnownFileType = sourcecode.c.objc; path = TableViewController.m; sourceTree = "<group>"; };
/* End PBXFileReference section */

/* Begin PBXFrameworksBuildPhase section */
		46987B081C9BA45400518872 /* Frameworks */ = {
			isa = PBXFrameworksBuildPhase;
			buildActionMask = 2147483647;
			files = (
			);
			runOnlyForDeploymentPostprocessing = 0;
		};
/* End PBXFrameworksBuildPhase section */

/* Begin PBXGroup section */
		46987B021C9BA45400518872 = {
			isa = PBXGroup;
			children = (
				46987B0D1C9BA45400518872 /* UITableViewStaticCell */,
				46987B0C1C9BA45400518872 /* Products */,
			);
			sourceTree = "<group>";
		};
		46987B0C1C9BA45400518872 /* Products */ = {
			isa = PBXGroup;
			children = (
				46987B0B1C9BA45400518872 /* UITableViewStaticCell.app */,
			);
			name = Products;
			sourceTree = "<group>";
		};
		46987B0D1C9BA45400518872 /* UITableViewStaticCell */ = {
			isa = PBXGroup;
			children = (
				46987B111C9BA45400518872 /* AppDelegate.h */,
				46987B121C9BA45400518872 /* AppDelegate.m */,
				46987B251C9BA47900518872 /* TableViewController.h */,
				46987B261C9BA47900518872 /* TableViewController.m */,
				46987B171C9BA45400518872 /* Main.storyboard */,
				46987B1F1C9BA45400518872 /* Info.plist */,
				46987B0E1C9BA45400518872 /* Supporting Files */,
			);
			path = UITableViewStaticCell;
			sourceTree = "<group>";
		};
		46987B0E1C9BA45400518872 /* Supporting Files */ = {
			isa = PBXGroup;
			children = (
				46987B0F1C9BA45400518872 /* main.m */,
			);
			name = "Supporting Files";
			sourceTree = "<group>";
		};
/* End PBXGroup section */

/* Begin PBXNativeTarget section */
		46987B0A1C9BA45400518872 /* UITableViewStaticCell */ = {
			isa = PBXNativeTarget;
			buildConfigurationList = 46987B221C9BA45400518872 /* Build configuration list for PBXNativeTarget "UITableViewStaticCell" */;
			buildPhases = (
				46987B071C9BA45400518872 /* Sources */,
				46987B081C9BA45400518872 /* Frameworks */,
				46987B091C9BA45400518872 /* Resources */,
			);
			buildRules = (
			);
			dependencies = (
			);
			name = UITableViewStaticCell;
			productName = UITableViewStaticCell;
			productReference = 46987B0B1C9BA45400518872 /* UITableViewStaticCell.app */;
			productType = "com.apple.product-type.application";
		};
/* End PBXNativeTarget section */

/* Begin PBXProject section */
		46987B031C9BA45400518872 /* Project object */ = {
			isa = PBXProject;
			attributes = {
				LastUpgradeCheck = 0720;
				ORGANIZATIONNAME = TOTEM;
				TargetAttributes = {
					46987B0A1C9BA45400518872 = {
						CreatedOnToolsVersion = 7.2;
					};
				};
			};
			buildConfigurationList = 46987B061C9BA45400518872 /* Build configuration list for PBXProject "UITableViewStaticCell" */;
			compatibilityVersion = "Xcode 3.2";
			developmentRegion = English;
			hasScannedForEncodings = 0;
			knownRegions = (
				en,
				Base,
			);
			mainGroup = 46987B021C9BA45400518872;
			productRefGroup = 46987B0C1C9BA45400518872 /* Products */;
			projectDirPath = "";
			projectRoot = "";
			targets = (
				46987B0A1C9BA45400518872 /* UITableViewStaticCell */,
			);
		};
/* End PBXProject section */

/* Begin PBXResourcesBuildPhase section */
		46987B091C9BA45400518872 /* Resources */ = {
			isa = PBXResourcesBuildPhase;
			buildActionMask = 2147483647;
			files = (
				46987B191C9BA45400518872 /* Main.storyboard in Resources */,
			);
			runOnlyForDeploymentPostprocessing = 0;
		};
/* End PBXResourcesBuildPhase section */

/* Begin PBXSourcesBuildPhase section */
		46987B071C9BA45400518872 /* Sources */ = {
			isa = PBXSourcesBuildPhase;
			buildActionMask = 2147483647;
			files = (
				46987B131C9BA45400518872 /* AppDelegate.m in Sources */,
				46987B271C9BA47900518872 /* TableViewController.m in Sources */,
				46987B101C9BA45400518872 /* main.m in Sources */,
			);
			runOnlyForDeploymentPostprocessing = 0;
		};
/* End PBXSourcesBuildPhase section */

/* Begin PBXVariantGroup section */
		46987B171C9BA45400518872 /* Main.storyboard */ = {
			isa = PBXVariantGroup;
			children = (
				46987B181C9BA45400518872 /* Base */,
			);
			name = Main.storyboard;
			sourceTree = "<group>";
		};
/* End PBXVariantGroup section */

/* Begin XCBuildConfiguration section */
		46987B201C9BA45400518872 /* Debug */ = {
			isa = XCBuildConfiguration;
			buildSettings = {
				ALWAYS_SEARCH_USER_PATHS = NO;
				CLANG_CXX_LANGUAGE_STANDARD = "gnu++0x";
				CLANG_CXX_LIBRARY = "libc++";
				CLANG_ENABLE_MODULES = YES;
				CLANG_ENABLE_OBJC_ARC = YES;
				CLANG_WARN_BOOL_CONVERSION = YES;
				CLANG_WARN_CONSTANT_CONVERSION = YES;
				CLANG_WARN_DIRECT_OBJC_ISA_USAGE = YES_ERROR;
				CLANG_WARN_EMPTY_BODY = YES;
				CLANG_WARN_ENUM_CONVERSION = YES;
				CLANG_WARN_INT_CONVERSION = YES;
				CLANG_WARN_OBJC_ROOT_CLASS = YES_ERROR;
				CLANG_WARN_UNREACHABLE_CODE = YES;
				CLANG_WARN__DUPLICATE_METHOD_MATCH = YES;
				"CODE_SIGN_IDENTITY[sdk=iphoneos*]" = "iPhone Developer";
				COPY_PHASE_STRIP = NO;
				DEBUG_INFORMATION_FORMAT = dwarf;
				ENABLE_STRICT_OBJC_MSGSEND = YES;
				ENABLE_TESTABILITY = YES;
				GCC_C_LANGUAGE_STANDARD = gnu99;
				GCC_DYNAMIC_NO_PIC = NO;
				GCC_NO_COMMON_BLOCKS = YES;
				GCC_OPTIMIZATION_LEVEL = 0;
				GCC_PREPROCESSOR_DEFINITIONS = (
					"DEBUG=1",
					"$(inherited)",
				);
				GCC_WARN_64_TO_32_BIT_CONVERSION = YES;
				GCC_WARN_ABOUT_RETURN_TYPE = YES_ERROR;
				GCC_WARN_UNDECLARED_SELECTOR = YES;
				GCC_WARN_UNINITIALIZED_AUTOS = YES_AGGRESSIVE;
				GCC_WARN_UNUSED_FUNCTION = YES;
				GCC_WARN_UNUSED_VARIABLE = YES;
				IPHONEOS_DEPLOYMENT_TARGET = 9.2;
				MTL_ENABLE_DEBUG_INFO = YES;
				ONLY_ACTIVE_ARCH = YES;
				SDKROOT = iphoneos;
			};
			name = Debug;
		};
		46987B211C9BA45400518872 /* Release */ = {
			isa = XCBuildConfiguration;
			buildSettings = {
				ALWAYS_SEARCH_USER_PATHS = NO;
				CLANG_CXX_LANGUAGE_STANDARD = "gnu++0x";
				CLANG_CXX_LIBRARY = "libc++";
				CLANG_ENABLE_MODULES = YES;
				CLANG_ENABLE_OBJC_ARC = YES;
				CLANG_WARN_BOOL_CONVERSION = YES;
				CLANG_WARN_CONSTANT_CONVERSION = YES;
				CLANG_WARN_DIRECT_OBJC_ISA_USAGE = YES_ERROR;
				CLANG_WARN_EMPTY_BODY = YES;
				CLANG_WARN_ENUM_CONVERSION = YES;
				CLANG_WARN_INT_CONVERSION = YES;
				CLANG_WARN_OBJC_ROOT_CLASS = YES_ERROR;
				CLANG_WARN_UNREACHABLE_CODE = YES;
				CLANG_WARN__DUPLICATE_METHOD_MATCH = YES;
				"CODE_SIGN_IDENTITY[sdk=iphoneos*]" = "iPhone Developer";
				COPY_PHASE_STRIP = NO;
				DEBUG_INFORMATION_FORMAT = "dwarf-with-dsym";
				ENABLE_NS_ASSERTIONS = NO;
				ENABLE_STRICT_OBJC_MSGSEND = YES;
				GCC_C_LANGUAGE_STANDARD = gnu99;
				GCC_NO_COMMON_BLOCKS = YES;
				GCC_WARN_64_TO_32_BIT_CONVERSION = YES;
				GCC_WARN_ABOUT_RETURN_TYPE = YES_ERROR;
				GCC_WARN_UNDECLARED_SELECTOR = YES;
				GCC_WARN_UNINITIALIZED_AUTOS = YES_AGGRESSIVE;
				GCC_WARN_UNUSED_FUNCTION = YES;
				GCC_WARN_UNUSED_VARIABLE = YES;
				IPHONEOS_DEPLOYMENT_TARGET = 9.2;
				MTL_ENABLE_DEBUG_INFO = NO;
				SDKROOT = iphoneos;
				VALIDATE_PRODUCT = YES;
			};
			name = Release;
		};
		46987B231C9BA45400518872 /* Debug */ = {
			isa = XCBuildConfiguration;
			buildSettings = {
				INFOPLIST_FILE = UITableViewStaticCell/Info.plist;
				IPHONEOS_DEPLOYMENT_TARGET = 8.0;
				LD_RUNPATH_SEARCH_PATHS = "$(inherited) @executable_path/Frameworks";
				PRODUCT_BUNDLE_IDENTIFIER = com.totemtec.UITableViewStaticCell;
				PRODUCT_NAME = "$(TARGET_NAME)";
			};
			name = Debug;
		};
		46987B241C9BA45400518872 /* Release */ = {
			isa = XCBuildConfiguration;
			buildSettings = {
				INFOPLIST_FILE = UITableViewStaticCell/Info.plist;
				IPHONEOS_DEPLOYMENT_TARGET = 8.0;
				LD_RUNPATH_SEARCH_PATHS = "$(inherited) @executable_path/Frameworks";
				PRODUCT_BUNDLE_IDENTIFIER = com.totemtec.UITableViewStaticCell;
				PRODUCT_NAME = "$(TARGET_NAME)";
			};
			name = Release;
		};
/* End XCBuildConfiguration section */

/* Begin XCConfigurationList section */
		46987B061C9BA45400518872 /* Build configuration list for PBXProject "UITableViewStaticCell" */ = {
			isa = XCConfigurationList;
			buildConfigurations = (
				46987B201C9BA45400518872 /* Debug */,
				46987B211C9BA45400518872 /* Release */,
			);
			defaultConfigurationIsVisible = 0;
			defaultConfigurationName = Release;
		};
		46987B221C9BA45400518872 /* Build configuration list for PBXNativeTarget "UITableViewStaticCell" */ = {
			isa = XCConfigurationList;
			buildConfigurations = (
				46987B231C9BA45400518872 /* Debug */,
				46987B241C9BA45400518872 /* Release */,
			);
			defaultConfigurationIsVisible = 0;
		};
/* End XCConfigurationList section */
	};
	rootObject = 46987B031C9BA45400518872 /* Project object */;
}
