// !$*UTF8*$!
{
	archiveVersion = 1;
	classes = {
	};
	objectVersion = 46;
	objects = {

/* Begin PBXBuildFile section */
		462593BA1CFFF493002CD525 /* main.m in Sources */ = {isa = PBXBuildFile; fileRef = 462593B91CFFF493002CD525 /* main.m */; };
		462593BD1CFFF493002CD525 /* AppDelegate.m in Sources */ = {isa = PBXBuildFile; fileRef = 462593BC1CFFF493002CD525 /* AppDelegate.m */; };
		462593C01CFFF493002CD525 /* ViewController.m in Sources */ = {isa = PBXBuildFile; fileRef = 462593BF1CFFF493002CD525 /* ViewController.m */; };
		462593C31CFFF493002CD525 /* Main.storyboard in Resources */ = {isa = PBXBuildFile; fileRef = 462593C11CFFF493002CD525 /* Main.storyboard */; };
		462593D01CFFF59A002CD525 /* Assets.xcassets in Resources */ = {isa = PBXBuildFile; fileRef = 462593CF1CFFF59A002CD525 /* Assets.xcassets */; };
/* End PBXBuildFile section */

/* Begin PBXFileReference section */
		462593B51CFFF493002CD525 /* RoundCornerView.app */ = {isa = PBXFileReference; explicitFileType = wrapper.application; includeInIndex = 0; path = RoundCornerView.app; sourceTree = BUILT_PRODUCTS_DIR; };
		462593B91CFFF493002CD525 /* main.m */ = {isa = PBXFileReference; lastKnownFileType = sourcecode.c.objc; path = main.m; sourceTree = "<group>"; };
		462593BB1CFFF493002CD525 /* AppDelegate.h */ = {isa = PBXFileReference; lastKnownFileType = sourcecode.c.h; path = AppDelegate.h; sourceTree = "<group>"; };
		462593BC1CFFF493002CD525 /* AppDelegate.m */ = {isa = PBXFileReference; lastKnownFileType = sourcecode.c.objc; path = AppDelegate.m; sourceTree = "<group>"; };
		462593BE1CFFF493002CD525 /* ViewController.h */ = {isa = PBXFileReference; lastKnownFileType = sourcecode.c.h; path = ViewController.h; sourceTree = "<group>"; };
		462593BF1CFFF493002CD525 /* ViewController.m */ = {isa = PBXFileReference; lastKnownFileType = sourcecode.c.objc; path = ViewController.m; sourceTree = "<group>"; };
		462593C21CFFF493002CD525 /* Base */ = {isa = PBXFileReference; lastKnownFileType = file.storyboard; name = Base; path = Base.lproj/Main.storyboard; sourceTree = "<group>"; };
		462593C91CFFF493002CD525 /* Info.plist */ = {isa = PBXFileReference; lastKnownFileType = text.plist.xml; path = Info.plist; sourceTree = "<group>"; };
		462593CF1CFFF59A002CD525 /* Assets.xcassets */ = {isa = PBXFileReference; lastKnownFileType = folder.assetcatalog; path = Assets.xcassets; sourceTree = "<group>"; };
/* End PBXFileReference section */

/* Begin PBXFrameworksBuildPhase section */
		462593B21CFFF493002CD525 /* Frameworks */ = {
			isa = PBXFrameworksBuildPhase;
			buildActionMask = 2147483647;
			files = (
			);
			runOnlyForDeploymentPostprocessing = 0;
		};
/* End PBXFrameworksBuildPhase section */

/* Begin PBXGroup section */
		462593AC1CFFF493002CD525 = {
			isa = PBXGroup;
			children = (
				462593B71CFFF493002CD525 /* RoundCornerView */,
				462593B61CFFF493002CD525 /* Products */,
			);
			sourceTree = "<group>";
		};
		462593B61CFFF493002CD525 /* Products */ = {
			isa = PBXGroup;
			children = (
				462593B51CFFF493002CD525 /* RoundCornerView.app */,
			);
			name = Products;
			sourceTree = "<group>";
		};
		462593B71CFFF493002CD525 /* RoundCornerView */ = {
			isa = PBXGroup;
			children = (
				462593BB1CFFF493002CD525 /* AppDelegate.h */,
				462593BC1CFFF493002CD525 /* AppDelegate.m */,
				462593BE1CFFF493002CD525 /* ViewController.h */,
				462593BF1CFFF493002CD525 /* ViewController.m */,
				462593C11CFFF493002CD525 /* Main.storyboard */,
				462593CF1CFFF59A002CD525 /* Assets.xcassets */,
				462593C91CFFF493002CD525 /* Info.plist */,
				462593B81CFFF493002CD525 /* Supporting Files */,
			);
			path = RoundCornerView;
			sourceTree = "<group>";
		};
		462593B81CFFF493002CD525 /* Supporting Files */ = {
			isa = PBXGroup;
			children = (
				462593B91CFFF493002CD525 /* main.m */,
			);
			name = "Supporting Files";
			sourceTree = "<group>";
		};
/* End PBXGroup section */

/* Begin PBXNativeTarget section */
		462593B41CFFF493002CD525 /* RoundCornerView */ = {
			isa = PBXNativeTarget;
			buildConfigurationList = 462593CC1CFFF493002CD525 /* Build configuration list for PBXNativeTarget "RoundCornerView" */;
			buildPhases = (
				462593B11CFFF493002CD525 /* Sources */,
				462593B21CFFF493002CD525 /* Frameworks */,
				462593B31CFFF493002CD525 /* Resources */,
			);
			buildRules = (
			);
			dependencies = (
			);
			name = RoundCornerView;
			productName = RoundCornerView;
			productReference = 462593B51CFFF493002CD525 /* RoundCornerView.app */;
			productType = "com.apple.product-type.application";
		};
/* End PBXNativeTarget section */

/* Begin PBXProject section */
		462593AD1CFFF493002CD525 /* Project object */ = {
			isa = PBXProject;
			attributes = {
				LastUpgradeCheck = 0730;
				ORGANIZATIONNAME = TOTEM;
				TargetAttributes = {
					462593B41CFFF493002CD525 = {
						CreatedOnToolsVersion = 7.3.1;
					};
				};
			};
			buildConfigurationList = 462593B01CFFF493002CD525 /* Build configuration list for PBXProject "RoundCornerView" */;
			compatibilityVersion = "Xcode 3.2";
			developmentRegion = English;
			hasScannedForEncodings = 0;
			knownRegions = (
				en,
				Base,
			);
			mainGroup = 462593AC1CFFF493002CD525;
			productRefGroup = 462593B61CFFF493002CD525 /* Products */;
			projectDirPath = "";
			projectRoot = "";
			targets = (
				462593B41CFFF493002CD525 /* RoundCornerView */,
			);
		};
/* End PBXProject section */

/* Begin PBXResourcesBuildPhase section */
		462593B31CFFF493002CD525 /* Resources */ = {
			isa = PBXResourcesBuildPhase;
			buildActionMask = 2147483647;
			files = (
				462593D01CFFF59A002CD525 /* Assets.xcassets in Resources */,
				462593C31CFFF493002CD525 /* Main.storyboard in Resources */,
			);
			runOnlyForDeploymentPostprocessing = 0;
		};
/* End PBXResourcesBuildPhase section */

/* Begin PBXSourcesBuildPhase section */
		462593B11CFFF493002CD525 /* Sources */ = {
			isa = PBXSourcesBuildPhase;
			buildActionMask = 2147483647;
			files = (
				462593C01CFFF493002CD525 /* ViewController.m in Sources */,
				462593BD1CFFF493002CD525 /* AppDelegate.m in Sources */,
				462593BA1CFFF493002CD525 /* main.m in Sources */,
			);
			runOnlyForDeploymentPostprocessing = 0;
		};
/* End PBXSourcesBuildPhase section */

/* Begin PBXVariantGroup section */
		462593C11CFFF493002CD525 /* Main.storyboard */ = {
			isa = PBXVariantGroup;
			children = (
				462593C21CFFF493002CD525 /* Base */,
			);
			name = Main.storyboard;
			sourceTree = "<group>";
		};
/* End PBXVariantGroup section */

/* Begin XCBuildConfiguration section */
		462593CA1CFFF493002CD525 /* Debug */ = {
			isa = XCBuildConfiguration;
			buildSettings = {
				ALWAYS_SEARCH_USER_PATHS = NO;
				CLANG_ANALYZER_NONNULL = YES;
				CLANG_CXX_LANGUAGE_STANDARD = "gnu++0x";
				CLANG_CXX_LIBRARY = "libc++";
				CLANG_ENABLE_MODULES = YES;
				CLANG_ENABLE_OBJC_ARC = YES;
				CLANG_WARN_BOOL_CONVERSION = YES;
				CLANG_WARN_CONSTANT_CONVERSION = YES;
				CLANG_WARN_DIRECT_OBJC_ISA_USAGE = YES_ERROR;
				CLANG_WARN_EMPTY_BODY = YES;
				CLANG_WARN_ENUM_CONVERSION = YES;
				CLANG_WARN_INT_CONVERSION = YES;
				CLANG_WARN_OBJC_ROOT_CLASS = YES_ERROR;
				CLANG_WARN_UNREACHABLE_CODE = YES;
				CLANG_WARN__DUPLICATE_METHOD_MATCH = YES;
				"CODE_SIGN_IDENTITY[sdk=iphoneos*]" = "iPhone Developer";
				COPY_PHASE_STRIP = NO;
				DEBUG_INFORMATION_FORMAT = dwarf;
				ENABLE_STRICT_OBJC_MSGSEND = YES;
				ENABLE_TESTABILITY = YES;
				GCC_C_LANGUAGE_STANDARD = gnu99;
				GCC_DYNAMIC_NO_PIC = NO;
				GCC_NO_COMMON_BLOCKS = YES;
				GCC_OPTIMIZATION_LEVEL = 0;
				GCC_PREPROCESSOR_DEFINITIONS = (
					"DEBUG=1",
					"$(inherited)",
				);
				GCC_WARN_64_TO_32_BIT_CONVERSION = YES;
				GCC_WARN_ABOUT_RETURN_TYPE = YES_ERROR;
				GCC_WARN_UNDECLARED_SELECTOR = YES;
				GCC_WARN_UNINITIALIZED_AUTOS = YES_AGGRESSIVE;
				GCC_WARN_UNUSED_FUNCTION = YES;
				GCC_WARN_UNUSED_VARIABLE = YES;
				IPHONEOS_DEPLOYMENT_TARGET = 9.3;
				MTL_ENABLE_DEBUG_INFO = YES;
				ONLY_ACTIVE_ARCH = YES;
				SDKROOT = iphoneos;
				TARGETED_DEVICE_FAMILY = "1,2";
			};
			name = Debug;
		};
		462593CB1CFFF493002CD525 /* Release */ = {
			isa = XCBuildConfiguration;
			buildSettings = {
				ALWAYS_SEARCH_USER_PATHS = NO;
				CLANG_ANALYZER_NONNULL = YES;
				CLANG_CXX_LANGUAGE_STANDARD = "gnu++0x";
				CLANG_CXX_LIBRARY = "libc++";
				CLANG_ENABLE_MODULES = YES;
				CLANG_ENABLE_OBJC_ARC = YES;
				CLANG_WARN_BOOL_CONVERSION = YES;
				CLANG_WARN_CONSTANT_CONVERSION = YES;
				CLANG_WARN_DIRECT_OBJC_ISA_USAGE = YES_ERROR;
				CLANG_WARN_EMPTY_BODY = YES;
				CLANG_WARN_ENUM_CONVERSION = YES;
				CLANG_WARN_INT_CONVERSION = YES;
				CLANG_WARN_OBJC_ROOT_CLASS = YES_ERROR;
				CLANG_WARN_UNREACHABLE_CODE = YES;
				CLANG_WARN__DUPLICATE_METHOD_MATCH = YES;
				"CODE_SIGN_IDENTITY[sdk=iphoneos*]" = "iPhone Developer";
				COPY_PHASE_STRIP = NO;
				DEBUG_INFORMATION_FORMAT = "dwarf-with-dsym";
				ENABLE_NS_ASSERTIONS = NO;
				ENABLE_STRICT_OBJC_MSGSEND = YES;
				GCC_C_LANGUAGE_STANDARD = gnu99;
				GCC_NO_COMMON_BLOCKS = YES;
				GCC_WARN_64_TO_32_BIT_CONVERSION = YES;
				GCC_WARN_ABOUT_RETURN_TYPE = YES_ERROR;
				GCC_WARN_UNDECLARED_SELECTOR = YES;
				GCC_WARN_UNINITIALIZED_AUTOS = YES_AGGRESSIVE;
				GCC_WARN_UNUSED_FUNCTION = YES;
				GCC_WARN_UNUSED_VARIABLE = YES;
				IPHONEOS_DEPLOYMENT_TARGET = 9.3;
				MTL_ENABLE_DEBUG_INFO = NO;
				SDKROOT = iphoneos;
				TARGETED_DEVICE_FAMILY = "1,2";
				VALIDATE_PRODUCT = YES;
			};
			name = Release;
		};
		462593CD1CFFF493002CD525 /* Debug */ = {
			isa = XCBuildConfiguration;
			buildSettings = {
				INFOPLIST_FILE = RoundCornerView/Info.plist;
				IPHONEOS_DEPLOYMENT_TARGET = 7.0;
				LD_RUNPATH_SEARCH_PATHS = "$(inherited) @executable_path/Frameworks";
				PRODUCT_BUNDLE_IDENTIFIER = com.totemtec.RoundCornerView;
				PRODUCT_NAME = "$(TARGET_NAME)";
			};
			name = Debug;
		};
		462593CE1CFFF493002CD525 /* Release */ = {
			isa = XCBuildConfiguration;
			buildSettings = {
				INFOPLIST_FILE = RoundCornerView/Info.plist;
				IPHONEOS_DEPLOYMENT_TARGET = 7.0;
				LD_RUNPATH_SEARCH_PATHS = "$(inherited) @executable_path/Frameworks";
				PRODUCT_BUNDLE_IDENTIFIER = com.totemtec.RoundCornerView;
				PRODUCT_NAME = "$(TARGET_NAME)";
			};
			name = Release;
		};
/* End XCBuildConfiguration section */

/* Begin XCConfigurationList section */
		462593B01CFFF493002CD525 /* Build configuration list for PBXProject "RoundCornerView" */ = {
			isa = XCConfigurationList;
			buildConfigurations = (
				462593CA1CFFF493002CD525 /* Debug */,
				462593CB1CFFF493002CD525 /* Release */,
			);
			defaultConfigurationIsVisible = 0;
			defaultConfigurationName = Release;
		};
		462593CC1CFFF493002CD525 /* Build configuration list for PBXNativeTarget "RoundCornerView" */ = {
			isa = XCConfigurationList;
			buildConfigurations = (
				462593CD1CFFF493002CD525 /* Debug */,
				462593CE1CFFF493002CD525 /* Release */,
			);
			defaultConfigurationIsVisible = 0;
		};
/* End XCConfigurationList section */
	};
	rootObject = 462593AD1CFFF493002CD525 /* Project object */;
}
