// !$*UTF8*$!
{
	archiveVersion = 1;
	classes = {
	};
	objectVersion = 46;
	objects = {

/* Begin PBXBuildFile section */
		464908A91C99B97E005A6F94 /* main.m in Sources */ = {isa = PBXBuildFile; fileRef = 464908A81C99B97E005A6F94 /* main.m */; };
		464908AC1C99B97E005A6F94 /* AppDelegate.m in Sources */ = {isa = PBXBuildFile; fileRef = 464908AB1C99B97E005A6F94 /* AppDelegate.m */; };
		464908AF1C99B97E005A6F94 /* RootViewController.m in Sources */ = {isa = PBXBuildFile; fileRef = 464908AE1C99B97E005A6F94 /* RootViewController.m */; };
		464908B81C99B97E005A6F94 /* Main.storyboard in Resources */ = {isa = PBXBuildFile; fileRef = 464908B61C99B97E005A6F94 /* Main.storyboard */; };
		464908C61C99BB69005A6F94 /* ContentViewController.m in Sources */ = {isa = PBXBuildFile; fileRef = 464908C51C99BB69005A6F94 /* ContentViewController.m */; };
/* End PBXBuildFile section */

/* Begin PBXFileReference section */
		464908A41C99B97E005A6F94 /* UIPageViewControllerSample.app */ = {isa = PBXFileReference; explicitFileType = wrapper.application; includeInIndex = 0; path = UIPageViewControllerSample.app; sourceTree = BUILT_PRODUCTS_DIR; };
		464908A81C99B97E005A6F94 /* main.m */ = {isa = PBXFileReference; lastKnownFileType = sourcecode.c.objc; path = main.m; sourceTree = "<group>"; };
		464908AA1C99B97E005A6F94 /* AppDelegate.h */ = {isa = PBXFileReference; lastKnownFileType = sourcecode.c.h; path = AppDelegate.h; sourceTree = "<group>"; };
		464908AB1C99B97E005A6F94 /* AppDelegate.m */ = {isa = PBXFileReference; lastKnownFileType = sourcecode.c.objc; path = AppDelegate.m; sourceTree = "<group>"; };
		464908AD1C99B97E005A6F94 /* RootViewController.h */ = {isa = PBXFileReference; lastKnownFileType = sourcecode.c.h; path = RootViewController.h; sourceTree = "<group>"; };
		464908AE1C99B97E005A6F94 /* RootViewController.m */ = {isa = PBXFileReference; lastKnownFileType = sourcecode.c.objc; path = RootViewController.m; sourceTree = "<group>"; };
		464908B71C99B97E005A6F94 /* Base */ = {isa = PBXFileReference; lastKnownFileType = file.storyboard; name = Base; path = Base.lproj/Main.storyboard; sourceTree = "<group>"; };
		464908BE1C99B97E005A6F94 /* Info.plist */ = {isa = PBXFileReference; lastKnownFileType = text.plist.xml; path = Info.plist; sourceTree = "<group>"; };
		464908C41C99BB69005A6F94 /* ContentViewController.h */ = {isa = PBXFileReference; fileEncoding = 4; lastKnownFileType = sourcecode.c.h; path = ContentViewController.h; sourceTree = "<group>"; };
		464908C51C99BB69005A6F94 /* ContentViewController.m */ = {isa = PBXFileReference; fileEncoding = 4; lastKnownFileType = sourcecode.c.objc; path = ContentViewController.m; sourceTree = "<group>"; };
/* End PBXFileReference section */

/* Begin PBXFrameworksBuildPhase section */
		464908A11C99B97E005A6F94 /* Frameworks */ = {
			isa = PBXFrameworksBuildPhase;
			buildActionMask = 2147483647;
			files = (
			);
			runOnlyForDeploymentPostprocessing = 0;
		};
/* End PBXFrameworksBuildPhase section */

/* Begin PBXGroup section */
		4649089B1C99B97E005A6F94 = {
			isa = PBXGroup;
			children = (
				464908A61C99B97E005A6F94 /* UIPageViewControllerSample */,
				464908A51C99B97E005A6F94 /* Products */,
			);
			sourceTree = "<group>";
		};
		464908A51C99B97E005A6F94 /* Products */ = {
			isa = PBXGroup;
			children = (
				464908A41C99B97E005A6F94 /* UIPageViewControllerSample.app */,
			);
			name = Products;
			sourceTree = "<group>";
		};
		464908A61C99B97E005A6F94 /* UIPageViewControllerSample */ = {
			isa = PBXGroup;
			children = (
				464908AA1C99B97E005A6F94 /* AppDelegate.h */,
				464908AB1C99B97E005A6F94 /* AppDelegate.m */,
				464908AD1C99B97E005A6F94 /* RootViewController.h */,
				464908AE1C99B97E005A6F94 /* RootViewController.m */,
				464908C41C99BB69005A6F94 /* ContentViewController.h */,
				464908C51C99BB69005A6F94 /* ContentViewController.m */,
				464908B61C99B97E005A6F94 /* Main.storyboard */,
				464908BE1C99B97E005A6F94 /* Info.plist */,
				464908A71C99B97E005A6F94 /* Supporting Files */,
			);
			path = UIPageViewControllerSample;
			sourceTree = "<group>";
		};
		464908A71C99B97E005A6F94 /* Supporting Files */ = {
			isa = PBXGroup;
			children = (
				464908A81C99B97E005A6F94 /* main.m */,
			);
			name = "Supporting Files";
			sourceTree = "<group>";
		};
/* End PBXGroup section */

/* Begin PBXNativeTarget section */
		464908A31C99B97E005A6F94 /* UIPageViewControllerSample */ = {
			isa = PBXNativeTarget;
			buildConfigurationList = 464908C11C99B97E005A6F94 /* Build configuration list for PBXNativeTarget "UIPageViewControllerSample" */;
			buildPhases = (
				464908A01C99B97E005A6F94 /* Sources */,
				464908A11C99B97E005A6F94 /* Frameworks */,
				464908A21C99B97E005A6F94 /* Resources */,
			);
			buildRules = (
			);
			dependencies = (
			);
			name = UIPageViewControllerSample;
			productName = UIPageViewControllerSample;
			productReference = 464908A41C99B97E005A6F94 /* UIPageViewControllerSample.app */;
			productType = "com.apple.product-type.application";
		};
/* End PBXNativeTarget section */

/* Begin PBXProject section */
		4649089C1C99B97E005A6F94 /* Project object */ = {
			isa = PBXProject;
			attributes = {
				LastUpgradeCheck = 0720;
				ORGANIZATIONNAME = TOTEM;
				TargetAttributes = {
					464908A31C99B97E005A6F94 = {
						CreatedOnToolsVersion = 7.2;
					};
				};
			};
			buildConfigurationList = 4649089F1C99B97E005A6F94 /* Build configuration list for PBXProject "UIPageViewControllerSample" */;
			compatibilityVersion = "Xcode 3.2";
			developmentRegion = English;
			hasScannedForEncodings = 0;
			knownRegions = (
				en,
				Base,
			);
			mainGroup = 4649089B1C99B97E005A6F94;
			productRefGroup = 464908A51C99B97E005A6F94 /* Products */;
			projectDirPath = "";
			projectRoot = "";
			targets = (
				464908A31C99B97E005A6F94 /* UIPageViewControllerSample */,
			);
		};
/* End PBXProject section */

/* Begin PBXResourcesBuildPhase section */
		464908A21C99B97E005A6F94 /* Resources */ = {
			isa = PBXResourcesBuildPhase;
			buildActionMask = 2147483647;
			files = (
				464908B81C99B97E005A6F94 /* Main.storyboard in Resources */,
			);
			runOnlyForDeploymentPostprocessing = 0;
		};
/* End PBXResourcesBuildPhase section */

/* Begin PBXSourcesBuildPhase section */
		464908A01C99B97E005A6F94 /* Sources */ = {
			isa = PBXSourcesBuildPhase;
			buildActionMask = 2147483647;
			files = (
				464908C61C99BB69005A6F94 /* ContentViewController.m in Sources */,
				464908AC1C99B97E005A6F94 /* AppDelegate.m in Sources */,
				464908A91C99B97E005A6F94 /* main.m in Sources */,
				464908AF1C99B97E005A6F94 /* RootViewController.m in Sources */,
			);
			runOnlyForDeploymentPostprocessing = 0;
		};
/* End PBXSourcesBuildPhase section */

/* Begin PBXVariantGroup section */
		464908B61C99B97E005A6F94 /* Main.storyboard */ = {
			isa = PBXVariantGroup;
			children = (
				464908B71C99B97E005A6F94 /* Base */,
			);
			name = Main.storyboard;
			sourceTree = "<group>";
		};
/* End PBXVariantGroup section */

/* Begin XCBuildConfiguration section */
		464908BF1C99B97E005A6F94 /* Debug */ = {
			isa = XCBuildConfiguration;
			buildSettings = {
				ALWAYS_SEARCH_USER_PATHS = NO;
				CLANG_CXX_LANGUAGE_STANDARD = "gnu++0x";
				CLANG_CXX_LIBRARY = "libc++";
				CLANG_ENABLE_MODULES = YES;
				CLANG_ENABLE_OBJC_ARC = YES;
				CLANG_WARN_BOOL_CONVERSION = YES;
				CLANG_WARN_CONSTANT_CONVERSION = YES;
				CLANG_WARN_DIRECT_OBJC_ISA_USAGE = YES_ERROR;
				CLANG_WARN_EMPTY_BODY = YES;
				CLANG_WARN_ENUM_CONVERSION = YES;
				CLANG_WARN_INT_CONVERSION = YES;
				CLANG_WARN_OBJC_ROOT_CLASS = YES_ERROR;
				CLANG_WARN_UNREACHABLE_CODE = YES;
				CLANG_WARN__DUPLICATE_METHOD_MATCH = YES;
				"CODE_SIGN_IDENTITY[sdk=iphoneos*]" = "iPhone Developer";
				COPY_PHASE_STRIP = NO;
				DEBUG_INFORMATION_FORMAT = dwarf;
				ENABLE_STRICT_OBJC_MSGSEND = YES;
				ENABLE_TESTABILITY = YES;
				GCC_C_LANGUAGE_STANDARD = gnu99;
				GCC_DYNAMIC_NO_PIC = NO;
				GCC_NO_COMMON_BLOCKS = YES;
				GCC_OPTIMIZATION_LEVEL = 0;
				GCC_PREPROCESSOR_DEFINITIONS = (
					"DEBUG=1",
					"$(inherited)",
				);
				GCC_WARN_64_TO_32_BIT_CONVERSION = YES;
				GCC_WARN_ABOUT_RETURN_TYPE = YES_ERROR;
				GCC_WARN_UNDECLARED_SELECTOR = YES;
				GCC_WARN_UNINITIALIZED_AUTOS = YES_AGGRESSIVE;
				GCC_WARN_UNUSED_FUNCTION = YES;
				GCC_WARN_UNUSED_VARIABLE = YES;
				IPHONEOS_DEPLOYMENT_TARGET = 9.2;
				MTL_ENABLE_DEBUG_INFO = YES;
				ONLY_ACTIVE_ARCH = YES;
				SDKROOT = iphoneos;
			};
			name = Debug;
		};
		464908C01C99B97E005A6F94 /* Release */ = {
			isa = XCBuildConfiguration;
			buildSettings = {
				ALWAYS_SEARCH_USER_PATHS = NO;
				CLANG_CXX_LANGUAGE_STANDARD = "gnu++0x";
				CLANG_CXX_LIBRARY = "libc++";
				CLANG_ENABLE_MODULES = YES;
				CLANG_ENABLE_OBJC_ARC = YES;
				CLANG_WARN_BOOL_CONVERSION = YES;
				CLANG_WARN_CONSTANT_CONVERSION = YES;
				CLANG_WARN_DIRECT_OBJC_ISA_USAGE = YES_ERROR;
				CLANG_WARN_EMPTY_BODY = YES;
				CLANG_WARN_ENUM_CONVERSION = YES;
				CLANG_WARN_INT_CONVERSION = YES;
				CLANG_WARN_OBJC_ROOT_CLASS = YES_ERROR;
				CLANG_WARN_UNREACHABLE_CODE = YES;
				CLANG_WARN__DUPLICATE_METHOD_MATCH = YES;
				"CODE_SIGN_IDENTITY[sdk=iphoneos*]" = "iPhone Developer";
				COPY_PHASE_STRIP = NO;
				DEBUG_INFORMATION_FORMAT = "dwarf-with-dsym";
				ENABLE_NS_ASSERTIONS = NO;
				ENABLE_STRICT_OBJC_MSGSEND = YES;
				GCC_C_LANGUAGE_STANDARD = gnu99;
				GCC_NO_COMMON_BLOCKS = YES;
				GCC_WARN_64_TO_32_BIT_CONVERSION = YES;
				GCC_WARN_ABOUT_RETURN_TYPE = YES_ERROR;
				GCC_WARN_UNDECLARED_SELECTOR = YES;
				GCC_WARN_UNINITIALIZED_AUTOS = YES_AGGRESSIVE;
				GCC_WARN_UNUSED_FUNCTION = YES;
				GCC_WARN_UNUSED_VARIABLE = YES;
				IPHONEOS_DEPLOYMENT_TARGET = 9.2;
				MTL_ENABLE_DEBUG_INFO = NO;
				SDKROOT = iphoneos;
				VALIDATE_PRODUCT = YES;
			};
			name = Release;
		};
		464908C21C99B97E005A6F94 /* Debug */ = {
			isa = XCBuildConfiguration;
			buildSettings = {
				ASSETCATALOG_COMPILER_APPICON_NAME = AppIcon;
				INFOPLIST_FILE = UIPageViewControllerSample/Info.plist;
				IPHONEOS_DEPLOYMENT_TARGET = 8.0;
				LD_RUNPATH_SEARCH_PATHS = "$(inherited) @executable_path/Frameworks";
				PRODUCT_BUNDLE_IDENTIFIER = com.totemtec.UIPageViewControllerSample;
				PRODUCT_NAME = "$(TARGET_NAME)";
			};
			name = Debug;
		};
		464908C31C99B97E005A6F94 /* Release */ = {
			isa = XCBuildConfiguration;
			buildSettings = {
				ASSETCATALOG_COMPILER_APPICON_NAME = AppIcon;
				INFOPLIST_FILE = UIPageViewControllerSample/Info.plist;
				IPHONEOS_DEPLOYMENT_TARGET = 8.0;
				LD_RUNPATH_SEARCH_PATHS = "$(inherited) @executable_path/Frameworks";
				PRODUCT_BUNDLE_IDENTIFIER = com.totemtec.UIPageViewControllerSample;
				PRODUCT_NAME = "$(TARGET_NAME)";
			};
			name = Release;
		};
/* End XCBuildConfiguration section */

/* Begin XCConfigurationList section */
		4649089F1C99B97E005A6F94 /* Build configuration list for PBXProject "UIPageViewControllerSample" */ = {
			isa = XCConfigurationList;
			buildConfigurations = (
				464908BF1C99B97E005A6F94 /* Debug */,
				464908C01C99B97E005A6F94 /* Release */,
			);
			defaultConfigurationIsVisible = 0;
			defaultConfigurationName = Release;
		};
		464908C11C99B97E005A6F94 /* Build configuration list for PBXNativeTarget "UIPageViewControllerSample" */ = {
			isa = XCConfigurationList;
			buildConfigurations = (
				464908C21C99B97E005A6F94 /* Debug */,
				464908C31C99B97E005A6F94 /* Release */,
			);
			defaultConfigurationIsVisible = 0;
		};
/* End XCConfigurationList section */
	};
	rootObject = 4649089C1C99B97E005A6F94 /* Project object */;
}
