// !$*UTF8*$!
{
	archiveVersion = 1;
	classes = {
	};
	objectVersion = 46;
	objects = {

/* Begin PBXBuildFile section */
		46987B391C9BB8E700518872 /* main.m in Sources */ = {isa = PBXBuildFile; fileRef = 46987B381C9BB8E700518872 /* main.m */; };
		46987B3C1C9BB8E700518872 /* AppDelegate.m in Sources */ = {isa = PBXBuildFile; fileRef = 46987B3B1C9BB8E700518872 /* AppDelegate.m */; };
		46987B421C9BB8E700518872 /* Main.storyboard in Resources */ = {isa = PBXBuildFile; fileRef = 46987B401C9BB8E700518872 /* Main.storyboard */; };
		46987B501C9BB98500518872 /* LabelAutoSizeViewController.m in Sources */ = {isa = PBXBuildFile; fileRef = 46987B4F1C9BB98500518872 /* LabelAutoSizeViewController.m */; };
		46987B521C9BBF5D00518872 /* Assets.xcassets in Resources */ = {isa = PBXBuildFile; fileRef = 46987B511C9BBF5D00518872 /* Assets.xcassets */; };
/* End PBXBuildFile section */

/* Begin PBXFileReference section */
		46987B341C9BB8E700518872 /* NSAutoLayoutSample.app */ = {isa = PBXFileReference; explicitFileType = wrapper.application; includeInIndex = 0; path = NSAutoLayoutSample.app; sourceTree = BUILT_PRODUCTS_DIR; };
		46987B381C9BB8E700518872 /* main.m */ = {isa = PBXFileReference; lastKnownFileType = sourcecode.c.objc; path = main.m; sourceTree = "<group>"; };
		46987B3A1C9BB8E700518872 /* AppDelegate.h */ = {isa = PBXFileReference; lastKnownFileType = sourcecode.c.h; path = AppDelegate.h; sourceTree = "<group>"; };
		46987B3B1C9BB8E700518872 /* AppDelegate.m */ = {isa = PBXFileReference; lastKnownFileType = sourcecode.c.objc; path = AppDelegate.m; sourceTree = "<group>"; };
		46987B411C9BB8E700518872 /* Base */ = {isa = PBXFileReference; lastKnownFileType = file.storyboard; name = Base; path = Base.lproj/Main.storyboard; sourceTree = "<group>"; };
		46987B481C9BB8E700518872 /* Info.plist */ = {isa = PBXFileReference; lastKnownFileType = text.plist.xml; path = Info.plist; sourceTree = "<group>"; };
		46987B4E1C9BB98500518872 /* LabelAutoSizeViewController.h */ = {isa = PBXFileReference; fileEncoding = 4; lastKnownFileType = sourcecode.c.h; path = LabelAutoSizeViewController.h; sourceTree = "<group>"; };
		46987B4F1C9BB98500518872 /* LabelAutoSizeViewController.m */ = {isa = PBXFileReference; fileEncoding = 4; lastKnownFileType = sourcecode.c.objc; path = LabelAutoSizeViewController.m; sourceTree = "<group>"; };
		46987B511C9BBF5D00518872 /* Assets.xcassets */ = {isa = PBXFileReference; lastKnownFileType = folder.assetcatalog; path = Assets.xcassets; sourceTree = "<group>"; };
/* End PBXFileReference section */

/* Begin PBXFrameworksBuildPhase section */
		46987B311C9BB8E700518872 /* Frameworks */ = {
			isa = PBXFrameworksBuildPhase;
			buildActionMask = 2147483647;
			files = (
			);
			runOnlyForDeploymentPostprocessing = 0;
		};
/* End PBXFrameworksBuildPhase section */

/* Begin PBXGroup section */
		46987B2B1C9BB8E700518872 = {
			isa = PBXGroup;
			children = (
				46987B361C9BB8E700518872 /* NSAutoLayoutSample */,
				46987B351C9BB8E700518872 /* Products */,
			);
			sourceTree = "<group>";
		};
		46987B351C9BB8E700518872 /* Products */ = {
			isa = PBXGroup;
			children = (
				46987B341C9BB8E700518872 /* NSAutoLayoutSample.app */,
			);
			name = Products;
			sourceTree = "<group>";
		};
		46987B361C9BB8E700518872 /* NSAutoLayoutSample */ = {
			isa = PBXGroup;
			children = (
				46987B3A1C9BB8E700518872 /* AppDelegate.h */,
				46987B3B1C9BB8E700518872 /* AppDelegate.m */,
				46987B4E1C9BB98500518872 /* LabelAutoSizeViewController.h */,
				46987B4F1C9BB98500518872 /* LabelAutoSizeViewController.m */,
				46987B401C9BB8E700518872 /* Main.storyboard */,
				46987B511C9BBF5D00518872 /* Assets.xcassets */,
				46987B481C9BB8E700518872 /* Info.plist */,
				46987B371C9BB8E700518872 /* Supporting Files */,
			);
			path = NSAutoLayoutSample;
			sourceTree = "<group>";
		};
		46987B371C9BB8E700518872 /* Supporting Files */ = {
			isa = PBXGroup;
			children = (
				46987B381C9BB8E700518872 /* main.m */,
			);
			name = "Supporting Files";
			sourceTree = "<group>";
		};
/* End PBXGroup section */

/* Begin PBXNativeTarget section */
		46987B331C9BB8E700518872 /* NSAutoLayoutSample */ = {
			isa = PBXNativeTarget;
			buildConfigurationList = 46987B4B1C9BB8E700518872 /* Build configuration list for PBXNativeTarget "NSAutoLayoutSample" */;
			buildPhases = (
				46987B301C9BB8E700518872 /* Sources */,
				46987B311C9BB8E700518872 /* Frameworks */,
				46987B321C9BB8E700518872 /* Resources */,
			);
			buildRules = (
			);
			dependencies = (
			);
			name = NSAutoLayoutSample;
			productName = NSAutoLayoutSample;
			productReference = 46987B341C9BB8E700518872 /* NSAutoLayoutSample.app */;
			productType = "com.apple.product-type.application";
		};
/* End PBXNativeTarget section */

/* Begin PBXProject section */
		46987B2C1C9BB8E700518872 /* Project object */ = {
			isa = PBXProject;
			attributes = {
				LastUpgradeCheck = 0720;
				ORGANIZATIONNAME = TOTEM;
				TargetAttributes = {
					46987B331C9BB8E700518872 = {
						CreatedOnToolsVersion = 7.2;
					};
				};
			};
			buildConfigurationList = 46987B2F1C9BB8E700518872 /* Build configuration list for PBXProject "NSAutoLayoutSample" */;
			compatibilityVersion = "Xcode 3.2";
			developmentRegion = English;
			hasScannedForEncodings = 0;
			knownRegions = (
				en,
				Base,
			);
			mainGroup = 46987B2B1C9BB8E700518872;
			productRefGroup = 46987B351C9BB8E700518872 /* Products */;
			projectDirPath = "";
			projectRoot = "";
			targets = (
				46987B331C9BB8E700518872 /* NSAutoLayoutSample */,
			);
		};
/* End PBXProject section */

/* Begin PBXResourcesBuildPhase section */
		46987B321C9BB8E700518872 /* Resources */ = {
			isa = PBXResourcesBuildPhase;
			buildActionMask = 2147483647;
			files = (
				46987B521C9BBF5D00518872 /* Assets.xcassets in Resources */,
				46987B421C9BB8E700518872 /* Main.storyboard in Resources */,
			);
			runOnlyForDeploymentPostprocessing = 0;
		};
/* End PBXResourcesBuildPhase section */

/* Begin PBXSourcesBuildPhase section */
		46987B301C9BB8E700518872 /* Sources */ = {
			isa = PBXSourcesBuildPhase;
			buildActionMask = 2147483647;
			files = (
				46987B501C9BB98500518872 /* LabelAutoSizeViewController.m in Sources */,
				46987B3C1C9BB8E700518872 /* AppDelegate.m in Sources */,
				46987B391C9BB8E700518872 /* main.m in Sources */,
			);
			runOnlyForDeploymentPostprocessing = 0;
		};
/* End PBXSourcesBuildPhase section */

/* Begin PBXVariantGroup section */
		46987B401C9BB8E700518872 /* Main.storyboard */ = {
			isa = PBXVariantGroup;
			children = (
				46987B411C9BB8E700518872 /* Base */,
			);
			name = Main.storyboard;
			sourceTree = "<group>";
		};
/* End PBXVariantGroup section */

/* Begin XCBuildConfiguration section */
		46987B491C9BB8E700518872 /* Debug */ = {
			isa = XCBuildConfiguration;
			buildSettings = {
				ALWAYS_SEARCH_USER_PATHS = NO;
				CLANG_CXX_LANGUAGE_STANDARD = "gnu++0x";
				CLANG_CXX_LIBRARY = "libc++";
				CLANG_ENABLE_MODULES = YES;
				CLANG_ENABLE_OBJC_ARC = YES;
				CLANG_WARN_BOOL_CONVERSION = YES;
				CLANG_WARN_CONSTANT_CONVERSION = YES;
				CLANG_WARN_DIRECT_OBJC_ISA_USAGE = YES_ERROR;
				CLANG_WARN_EMPTY_BODY = YES;
				CLANG_WARN_ENUM_CONVERSION = YES;
				CLANG_WARN_INT_CONVERSION = YES;
				CLANG_WARN_OBJC_ROOT_CLASS = YES_ERROR;
				CLANG_WARN_UNREACHABLE_CODE = YES;
				CLANG_WARN__DUPLICATE_METHOD_MATCH = YES;
				"CODE_SIGN_IDENTITY[sdk=iphoneos*]" = "iPhone Developer";
				COPY_PHASE_STRIP = NO;
				DEBUG_INFORMATION_FORMAT = dwarf;
				ENABLE_STRICT_OBJC_MSGSEND = YES;
				ENABLE_TESTABILITY = YES;
				GCC_C_LANGUAGE_STANDARD = gnu99;
				GCC_DYNAMIC_NO_PIC = NO;
				GCC_NO_COMMON_BLOCKS = YES;
				GCC_OPTIMIZATION_LEVEL = 0;
				GCC_PREPROCESSOR_DEFINITIONS = (
					"DEBUG=1",
					"$(inherited)",
				);
				GCC_WARN_64_TO_32_BIT_CONVERSION = YES;
				GCC_WARN_ABOUT_RETURN_TYPE = YES_ERROR;
				GCC_WARN_UNDECLARED_SELECTOR = YES;
				GCC_WARN_UNINITIALIZED_AUTOS = YES_AGGRESSIVE;
				GCC_WARN_UNUSED_FUNCTION = YES;
				GCC_WARN_UNUSED_VARIABLE = YES;
				IPHONEOS_DEPLOYMENT_TARGET = 9.2;
				MTL_ENABLE_DEBUG_INFO = YES;
				ONLY_ACTIVE_ARCH = YES;
				SDKROOT = iphoneos;
			};
			name = Debug;
		};
		46987B4A1C9BB8E700518872 /* Release */ = {
			isa = XCBuildConfiguration;
			buildSettings = {
				ALWAYS_SEARCH_USER_PATHS = NO;
				CLANG_CXX_LANGUAGE_STANDARD = "gnu++0x";
				CLANG_CXX_LIBRARY = "libc++";
				CLANG_ENABLE_MODULES = YES;
				CLANG_ENABLE_OBJC_ARC = YES;
				CLANG_WARN_BOOL_CONVERSION = YES;
				CLANG_WARN_CONSTANT_CONVERSION = YES;
				CLANG_WARN_DIRECT_OBJC_ISA_USAGE = YES_ERROR;
				CLANG_WARN_EMPTY_BODY = YES;
				CLANG_WARN_ENUM_CONVERSION = YES;
				CLANG_WARN_INT_CONVERSION = YES;
				CLANG_WARN_OBJC_ROOT_CLASS = YES_ERROR;
				CLANG_WARN_UNREACHABLE_CODE = YES;
				CLANG_WARN__DUPLICATE_METHOD_MATCH = YES;
				"CODE_SIGN_IDENTITY[sdk=iphoneos*]" = "iPhone Developer";
				COPY_PHASE_STRIP = NO;
				DEBUG_INFORMATION_FORMAT = "dwarf-with-dsym";
				ENABLE_NS_ASSERTIONS = NO;
				ENABLE_STRICT_OBJC_MSGSEND = YES;
				GCC_C_LANGUAGE_STANDARD = gnu99;
				GCC_NO_COMMON_BLOCKS = YES;
				GCC_WARN_64_TO_32_BIT_CONVERSION = YES;
				GCC_WARN_ABOUT_RETURN_TYPE = YES_ERROR;
				GCC_WARN_UNDECLARED_SELECTOR = YES;
				GCC_WARN_UNINITIALIZED_AUTOS = YES_AGGRESSIVE;
				GCC_WARN_UNUSED_FUNCTION = YES;
				GCC_WARN_UNUSED_VARIABLE = YES;
				IPHONEOS_DEPLOYMENT_TARGET = 9.2;
				MTL_ENABLE_DEBUG_INFO = NO;
				SDKROOT = iphoneos;
				VALIDATE_PRODUCT = YES;
			};
			name = Release;
		};
		46987B4C1C9BB8E700518872 /* Debug */ = {
			isa = XCBuildConfiguration;
			buildSettings = {
				ASSETCATALOG_COMPILER_APPICON_NAME = AppIcon;
				INFOPLIST_FILE = NSAutoLayoutSample/Info.plist;
				LD_RUNPATH_SEARCH_PATHS = "$(inherited) @executable_path/Frameworks";
				PRODUCT_BUNDLE_IDENTIFIER = com.totemtec.NSAutoLayoutSample;
				PRODUCT_NAME = "$(TARGET_NAME)";
			};
			name = Debug;
		};
		46987B4D1C9BB8E700518872 /* Release */ = {
			isa = XCBuildConfiguration;
			buildSettings = {
				ASSETCATALOG_COMPILER_APPICON_NAME = AppIcon;
				INFOPLIST_FILE = NSAutoLayoutSample/Info.plist;
				LD_RUNPATH_SEARCH_PATHS = "$(inherited) @executable_path/Frameworks";
				PRODUCT_BUNDLE_IDENTIFIER = com.totemtec.NSAutoLayoutSample;
				PRODUCT_NAME = "$(TARGET_NAME)";
			};
			name = Release;
		};
/* End XCBuildConfiguration section */

/* Begin XCConfigurationList section */
		46987B2F1C9BB8E700518872 /* Build configuration list for PBXProject "NSAutoLayoutSample" */ = {
			isa = XCConfigurationList;
			buildConfigurations = (
				46987B491C9BB8E700518872 /* Debug */,
				46987B4A1C9BB8E700518872 /* Release */,
			);
			defaultConfigurationIsVisible = 0;
			defaultConfigurationName = Release;
		};
		46987B4B1C9BB8E700518872 /* Build configuration list for PBXNativeTarget "NSAutoLayoutSample" */ = {
			isa = XCConfigurationList;
			buildConfigurations = (
				46987B4C1C9BB8E700518872 /* Debug */,
				46987B4D1C9BB8E700518872 /* Release */,
			);
			defaultConfigurationIsVisible = 0;
		};
/* End XCConfigurationList section */
	};
	rootObject = 46987B2C1C9BB8E700518872 /* Project object */;
}
