// !$*UTF8*$!
{
	archiveVersion = 1;
	classes = {
	};
	objectVersion = 46;
	objects = {

/* Begin PBXBuildFile section */
		4651B32E1CE1F1A5002B0410 /* main.m in Sources */ = {isa = PBXBuildFile; fileRef = 4651B32D1CE1F1A5002B0410 /* main.m */; };
		4651B3311CE1F1A5002B0410 /* AppDelegate.m in Sources */ = {isa = PBXBuildFile; fileRef = 4651B3301CE1F1A5002B0410 /* AppDelegate.m */; };
		4651B3371CE1F1A5002B0410 /* Main.storyboard in Resources */ = {isa = PBXBuildFile; fileRef = 4651B3351CE1F1A5002B0410 /* Main.storyboard */; };
		4651B3451CE1F218002B0410 /* TableViewController.m in Sources */ = {isa = PBXBuildFile; fileRef = 4651B3441CE1F218002B0410 /* TableViewController.m */; };
/* End PBXBuildFile section */

/* Begin PBXFileReference section */
		4651B3291CE1F1A5002B0410 /* UITableViewDifferentCell.app */ = {isa = PBXFileReference; explicitFileType = wrapper.application; includeInIndex = 0; path = UITableViewDifferentCell.app; sourceTree = BUILT_PRODUCTS_DIR; };
		4651B32D1CE1F1A5002B0410 /* main.m */ = {isa = PBXFileReference; lastKnownFileType = sourcecode.c.objc; path = main.m; sourceTree = "<group>"; };
		4651B32F1CE1F1A5002B0410 /* AppDelegate.h */ = {isa = PBXFileReference; lastKnownFileType = sourcecode.c.h; path = AppDelegate.h; sourceTree = "<group>"; };
		4651B3301CE1F1A5002B0410 /* AppDelegate.m */ = {isa = PBXFileReference; lastKnownFileType = sourcecode.c.objc; path = AppDelegate.m; sourceTree = "<group>"; };
		4651B3361CE1F1A5002B0410 /* Base */ = {isa = PBXFileReference; lastKnownFileType = file.storyboard; name = Base; path = Base.lproj/Main.storyboard; sourceTree = "<group>"; };
		4651B33D1CE1F1A5002B0410 /* Info.plist */ = {isa = PBXFileReference; lastKnownFileType = text.plist.xml; path = Info.plist; sourceTree = "<group>"; };
		4651B3431CE1F218002B0410 /* TableViewController.h */ = {isa = PBXFileReference; fileEncoding = 4; lastKnownFileType = sourcecode.c.h; path = TableViewController.h; sourceTree = "<group>"; };
		4651B3441CE1F218002B0410 /* TableViewController.m */ = {isa = PBXFileReference; fileEncoding = 4; lastKnownFileType = sourcecode.c.objc; path = TableViewController.m; sourceTree = "<group>"; };
/* End PBXFileReference section */

/* Begin PBXFrameworksBuildPhase section */
		4651B3261CE1F1A5002B0410 /* Frameworks */ = {
			isa = PBXFrameworksBuildPhase;
			buildActionMask = 2147483647;
			files = (
			);
			runOnlyForDeploymentPostprocessing = 0;
		};
/* End PBXFrameworksBuildPhase section */

/* Begin PBXGroup section */
		4651B3201CE1F1A5002B0410 = {
			isa = PBXGroup;
			children = (
				4651B32B1CE1F1A5002B0410 /* UITableViewDifferentCell */,
				4651B32A1CE1F1A5002B0410 /* Products */,
			);
			sourceTree = "<group>";
		};
		4651B32A1CE1F1A5002B0410 /* Products */ = {
			isa = PBXGroup;
			children = (
				4651B3291CE1F1A5002B0410 /* UITableViewDifferentCell.app */,
			);
			name = Products;
			sourceTree = "<group>";
		};
		4651B32B1CE1F1A5002B0410 /* UITableViewDifferentCell */ = {
			isa = PBXGroup;
			children = (
				4651B32F1CE1F1A5002B0410 /* AppDelegate.h */,
				4651B3301CE1F1A5002B0410 /* AppDelegate.m */,
				4651B3431CE1F218002B0410 /* TableViewController.h */,
				4651B3441CE1F218002B0410 /* TableViewController.m */,
				4651B3351CE1F1A5002B0410 /* Main.storyboard */,
				4651B33D1CE1F1A5002B0410 /* Info.plist */,
				4651B32C1CE1F1A5002B0410 /* Supporting Files */,
			);
			path = UITableViewDifferentCell;
			sourceTree = "<group>";
		};
		4651B32C1CE1F1A5002B0410 /* Supporting Files */ = {
			isa = PBXGroup;
			children = (
				4651B32D1CE1F1A5002B0410 /* main.m */,
			);
			name = "Supporting Files";
			sourceTree = "<group>";
		};
/* End PBXGroup section */

/* Begin PBXNativeTarget section */
		4651B3281CE1F1A5002B0410 /* UITableViewDifferentCell */ = {
			isa = PBXNativeTarget;
			buildConfigurationList = 4651B3401CE1F1A5002B0410 /* Build configuration list for PBXNativeTarget "UITableViewDifferentCell" */;
			buildPhases = (
				4651B3251CE1F1A5002B0410 /* Sources */,
				4651B3261CE1F1A5002B0410 /* Frameworks */,
				4651B3271CE1F1A5002B0410 /* Resources */,
			);
			buildRules = (
			);
			dependencies = (
			);
			name = UITableViewDifferentCell;
			productName = UITableViewDifferentCell;
			productReference = 4651B3291CE1F1A5002B0410 /* UITableViewDifferentCell.app */;
			productType = "com.apple.product-type.application";
		};
/* End PBXNativeTarget section */

/* Begin PBXProject section */
		4651B3211CE1F1A5002B0410 /* Project object */ = {
			isa = PBXProject;
			attributes = {
				LastUpgradeCheck = 0730;
				ORGANIZATIONNAME = TOTEM;
				TargetAttributes = {
					4651B3281CE1F1A5002B0410 = {
						CreatedOnToolsVersion = 7.3.1;
					};
				};
			};
			buildConfigurationList = 4651B3241CE1F1A5002B0410 /* Build configuration list for PBXProject "UITableViewDifferentCell" */;
			compatibilityVersion = "Xcode 3.2";
			developmentRegion = English;
			hasScannedForEncodings = 0;
			knownRegions = (
				en,
				Base,
			);
			mainGroup = 4651B3201CE1F1A5002B0410;
			productRefGroup = 4651B32A1CE1F1A5002B0410 /* Products */;
			projectDirPath = "";
			projectRoot = "";
			targets = (
				4651B3281CE1F1A5002B0410 /* UITableViewDifferentCell */,
			);
		};
/* End PBXProject section */

/* Begin PBXResourcesBuildPhase section */
		4651B3271CE1F1A5002B0410 /* Resources */ = {
			isa = PBXResourcesBuildPhase;
			buildActionMask = 2147483647;
			files = (
				4651B3371CE1F1A5002B0410 /* Main.storyboard in Resources */,
			);
			runOnlyForDeploymentPostprocessing = 0;
		};
/* End PBXResourcesBuildPhase section */

/* Begin PBXSourcesBuildPhase section */
		4651B3251CE1F1A5002B0410 /* Sources */ = {
			isa = PBXSourcesBuildPhase;
			buildActionMask = 2147483647;
			files = (
				4651B3311CE1F1A5002B0410 /* AppDelegate.m in Sources */,
				4651B3451CE1F218002B0410 /* TableViewController.m in Sources */,
				4651B32E1CE1F1A5002B0410 /* main.m in Sources */,
			);
			runOnlyForDeploymentPostprocessing = 0;
		};
/* End PBXSourcesBuildPhase section */

/* Begin PBXVariantGroup section */
		4651B3351CE1F1A5002B0410 /* Main.storyboard */ = {
			isa = PBXVariantGroup;
			children = (
				4651B3361CE1F1A5002B0410 /* Base */,
			);
			name = Main.storyboard;
			sourceTree = "<group>";
		};
/* End PBXVariantGroup section */

/* Begin XCBuildConfiguration section */
		4651B33E1CE1F1A5002B0410 /* Debug */ = {
			isa = XCBuildConfiguration;
			buildSettings = {
				ALWAYS_SEARCH_USER_PATHS = NO;
				CLANG_ANALYZER_NONNULL = YES;
				CLANG_CXX_LANGUAGE_STANDARD = "gnu++0x";
				CLANG_CXX_LIBRARY = "libc++";
				CLANG_ENABLE_MODULES = YES;
				CLANG_ENABLE_OBJC_ARC = YES;
				CLANG_WARN_BOOL_CONVERSION = YES;
				CLANG_WARN_CONSTANT_CONVERSION = YES;
				CLANG_WARN_DIRECT_OBJC_ISA_USAGE = YES_ERROR;
				CLANG_WARN_EMPTY_BODY = YES;
				CLANG_WARN_ENUM_CONVERSION = YES;
				CLANG_WARN_INT_CONVERSION = YES;
				CLANG_WARN_OBJC_ROOT_CLASS = YES_ERROR;
				CLANG_WARN_UNREACHABLE_CODE = YES;
				CLANG_WARN__DUPLICATE_METHOD_MATCH = YES;
				"CODE_SIGN_IDENTITY[sdk=iphoneos*]" = "iPhone Developer";
				COPY_PHASE_STRIP = NO;
				DEBUG_INFORMATION_FORMAT = dwarf;
				ENABLE_STRICT_OBJC_MSGSEND = YES;
				ENABLE_TESTABILITY = YES;
				GCC_C_LANGUAGE_STANDARD = gnu99;
				GCC_DYNAMIC_NO_PIC = NO;
				GCC_NO_COMMON_BLOCKS = YES;
				GCC_OPTIMIZATION_LEVEL = 0;
				GCC_PREPROCESSOR_DEFINITIONS = (
					"DEBUG=1",
					"$(inherited)",
				);
				GCC_WARN_64_TO_32_BIT_CONVERSION = YES;
				GCC_WARN_ABOUT_RETURN_TYPE = YES_ERROR;
				GCC_WARN_UNDECLARED_SELECTOR = YES;
				GCC_WARN_UNINITIALIZED_AUTOS = YES_AGGRESSIVE;
				GCC_WARN_UNUSED_FUNCTION = YES;
				GCC_WARN_UNUSED_VARIABLE = YES;
				IPHONEOS_DEPLOYMENT_TARGET = 9.3;
				MTL_ENABLE_DEBUG_INFO = YES;
				ONLY_ACTIVE_ARCH = YES;
				SDKROOT = iphoneos;
			};
			name = Debug;
		};
		4651B33F1CE1F1A5002B0410 /* Release */ = {
			isa = XCBuildConfiguration;
			buildSettings = {
				ALWAYS_SEARCH_USER_PATHS = NO;
				CLANG_ANALYZER_NONNULL = YES;
				CLANG_CXX_LANGUAGE_STANDARD = "gnu++0x";
				CLANG_CXX_LIBRARY = "libc++";
				CLANG_ENABLE_MODULES = YES;
				CLANG_ENABLE_OBJC_ARC = YES;
				CLANG_WARN_BOOL_CONVERSION = YES;
				CLANG_WARN_CONSTANT_CONVERSION = YES;
				CLANG_WARN_DIRECT_OBJC_ISA_USAGE = YES_ERROR;
				CLANG_WARN_EMPTY_BODY = YES;
				CLANG_WARN_ENUM_CONVERSION = YES;
				CLANG_WARN_INT_CONVERSION = YES;
				CLANG_WARN_OBJC_ROOT_CLASS = YES_ERROR;
				CLANG_WARN_UNREACHABLE_CODE = YES;
				CLANG_WARN__DUPLICATE_METHOD_MATCH = YES;
				"CODE_SIGN_IDENTITY[sdk=iphoneos*]" = "iPhone Developer";
				COPY_PHASE_STRIP = NO;
				DEBUG_INFORMATION_FORMAT = "dwarf-with-dsym";
				ENABLE_NS_ASSERTIONS = NO;
				ENABLE_STRICT_OBJC_MSGSEND = YES;
				GCC_C_LANGUAGE_STANDARD = gnu99;
				GCC_NO_COMMON_BLOCKS = YES;
				GCC_WARN_64_TO_32_BIT_CONVERSION = YES;
				GCC_WARN_ABOUT_RETURN_TYPE = YES_ERROR;
				GCC_WARN_UNDECLARED_SELECTOR = YES;
				GCC_WARN_UNINITIALIZED_AUTOS = YES_AGGRESSIVE;
				GCC_WARN_UNUSED_FUNCTION = YES;
				GCC_WARN_UNUSED_VARIABLE = YES;
				IPHONEOS_DEPLOYMENT_TARGET = 9.3;
				MTL_ENABLE_DEBUG_INFO = NO;
				SDKROOT = iphoneos;
				VALIDATE_PRODUCT = YES;
			};
			name = Release;
		};
		4651B3411CE1F1A5002B0410 /* Debug */ = {
			isa = XCBuildConfiguration;
			buildSettings = {
				ASSETCATALOG_COMPILER_APPICON_NAME = AppIcon;
				INFOPLIST_FILE = UITableViewDifferentCell/Info.plist;
				IPHONEOS_DEPLOYMENT_TARGET = 7.0;
				LD_RUNPATH_SEARCH_PATHS = "$(inherited) @executable_path/Frameworks";
				PRODUCT_BUNDLE_IDENTIFIER = com.totemtec.UITableViewDifferentCell;
				PRODUCT_NAME = "$(TARGET_NAME)";
			};
			name = Debug;
		};
		4651B3421CE1F1A5002B0410 /* Release */ = {
			isa = XCBuildConfiguration;
			buildSettings = {
				ASSETCATALOG_COMPILER_APPICON_NAME = AppIcon;
				INFOPLIST_FILE = UITableViewDifferentCell/Info.plist;
				IPHONEOS_DEPLOYMENT_TARGET = 7.0;
				LD_RUNPATH_SEARCH_PATHS = "$(inherited) @executable_path/Frameworks";
				PRODUCT_BUNDLE_IDENTIFIER = com.totemtec.UITableViewDifferentCell;
				PRODUCT_NAME = "$(TARGET_NAME)";
			};
			name = Release;
		};
/* End XCBuildConfiguration section */

/* Begin XCConfigurationList section */
		4651B3241CE1F1A5002B0410 /* Build configuration list for PBXProject "UITableViewDifferentCell" */ = {
			isa = XCConfigurationList;
			buildConfigurations = (
				4651B33E1CE1F1A5002B0410 /* Debug */,
				4651B33F1CE1F1A5002B0410 /* Release */,
			);
			defaultConfigurationIsVisible = 0;
			defaultConfigurationName = Release;
		};
		4651B3401CE1F1A5002B0410 /* Build configuration list for PBXNativeTarget "UITableViewDifferentCell" */ = {
			isa = XCConfigurationList;
			buildConfigurations = (
				4651B3411CE1F1A5002B0410 /* Debug */,
				4651B3421CE1F1A5002B0410 /* Release */,
			);
			defaultConfigurationIsVisible = 0;
		};
/* End XCConfigurationList section */
	};
	rootObject = 4651B3211CE1F1A5002B0410 /* Project object */;
}
